
Microsoft Visual Studio Solution File, Format Version 12.00
# Visual Studio Version 16
VisualStudioVersion = 16.0.31313.79
MinimumVisualStudioVersion = 10.0.40219.1
Project("{FAE04EC0-301F-11D3-BF4B-00C04F79EFBC}") = "LoanChainOfResponsibility", "LoanChainOfResponsibility\LoanChainOfResponsibility.csproj", "{C8DE42B2-81BD-4896-9FF6-48413F888246}"
EndProject
Project("{FAE04EC0-301F-11D3-BF4B-00C04F79EFBC}") = "LoanChainOfResponsibilityTest", "LoanChainOfResponsibilityTest\LoanChainOfResponsibilityTest.csproj", "{09684C71-6573-4C54-B531-4C337F896146}"
EndProject
Global
	GlobalSection(SolutionConfigurationPlatforms) = preSolution
		Debug|Any CPU = Debug|Any CPU
		Release|Any CPU = Release|Any CPU
	EndGlobalSection
	GlobalSection(ProjectConfigurationPlatforms) = postSolution
		{C8DE42B2-81BD-4896-9FF6-48413F888246}.Debug|Any CPU.ActiveCfg = Debug|Any CPU
		{C8DE42B2-81BD-4896-9FF6-48413F888246}.Debug|Any CPU.Build.0 = Debug|Any CPU
		{C8DE42B2-81BD-4896-9FF6-48413F888246}.Release|Any CPU.ActiveCfg = Release|Any CPU
		{C8DE42B2-81BD-4896-9FF6-48413F888246}.Release|Any CPU.Build.0 = Release|Any CPU
		{09684C71-6573-4C54-B531-4C337F896146}.Debug|Any CPU.ActiveCfg = Debug|Any CPU
		{09684C71-6573-4C54-B531-4C337F896146}.Debug|Any CPU.Build.0 = Debug|Any CPU
		{09684C71-6573-4C54-B531-4C337F896146}.Release|Any CPU.ActiveCfg = Release|Any CPU
		{09684C71-6573-4C54-B531-4C337F896146}.Release|Any CPU.Build.0 = Release|Any CPU
	EndGlobalSection
	GlobalSection(SolutionProperties) = preSolution
		HideSolutionNode = FALSE
	EndGlobalSection
	GlobalSection(ExtensibilityGlobals) = postSolution
		SolutionGuid = {5B3049AD-EE50-47E1-9A5D-6165D9874D75}
	EndGlobalSection
EndGlobal
